
Microsoft Visual Studio Solution File, Format Version 12.00
Project("{FAE04EC0-301F-11D3-BF4B-00C04F79EFBC}") = "MpsLabRefactor.Old", "MpsLabRefactor.Old\MpsLabRefactor.Old.csproj", "{302A6E4F-819C-42AD-AB95-5056E8ABC78F}"
EndProject
Project("{FAE04EC0-301F-11D3-BF4B-00C04F79EFBC}") = "MpsLabRefactor.New", "MpsLabRefactor.New\MpsLabRefactor.New.csproj", "{D3E61393-0542-4430-951A-1072BC2C6845}"
EndProject
Global
	GlobalSection(SolutionConfigurationPlatforms) = preSolution
		Debug|Any CPU = Debug|Any CPU
		Release|Any CPU = Release|Any CPU
	EndGlobalSection
	GlobalSection(ProjectConfigurationPlatforms) = postSolution
		{302A6E4F-819C-42AD-AB95-5056E8ABC78F}.Debug|Any CPU.ActiveCfg = Debug|Any CPU
		{302A6E4F-819C-42AD-AB95-5056E8ABC78F}.Debug|Any CPU.Build.0 = Debug|Any CPU
		{302A6E4F-819C-42AD-AB95-5056E8ABC78F}.Release|Any CPU.ActiveCfg = Release|Any CPU
		{302A6E4F-819C-42AD-AB95-5056E8ABC78F}.Release|Any CPU.Build.0 = Release|Any CPU
		{D3E61393-0542-4430-951A-1072BC2C6845}.Debug|Any CPU.ActiveCfg = Debug|Any CPU
		{D3E61393-0542-4430-951A-1072BC2C6845}.Debug|Any CPU.Build.0 = Debug|Any CPU
		{D3E61393-0542-4430-951A-1072BC2C6845}.Release|Any CPU.ActiveCfg = Release|Any CPU
		{D3E61393-0542-4430-951A-1072BC2C6845}.Release|Any CPU.Build.0 = Release|Any CPU
	EndGlobalSection
EndGlobal
