
Microsoft Visual Studio Solution File, Format Version 12.00
Project("{FAE04EC0-301F-11D3-BF4B-00C04F79EFBC}") = "EventHub.Business", "EventHub.Business\EventHub.Business.csproj", "{9D9D8C65-75D8-4175-8D66-21A52CBC5B47}"
EndProject
Project("{FAE04EC0-301F-11D3-BF4B-00C04F79EFBC}") = "EventHub.Infrastructure", "EventHub.Infrastructure\EventHub.Infrastructure.csproj", "{C0D4741E-5FD9-497C-8448-4981D289C1F5}"
EndProject
Project("{FAE04EC0-301F-11D3-BF4B-00C04F79EFBC}") = "EventHub.Core", "EventHub.Core\EventHub.Core.csproj", "{D78A693D-163E-4044-8F0D-283C608B59B7}"
EndProject
Project("{FAE04EC0-301F-11D3-BF4B-00C04F79EFBC}") = "EventHub.View", "EventHub.View\EventHub.View.csproj", "{B2F0CF4D-B59F-4D13-911C-FAB1D4F607DA}"
EndProject
Global
	GlobalSection(SolutionConfigurationPlatforms) = preSolution
		Debug|Any CPU = Debug|Any CPU
		Release|Any CPU = Release|Any CPU
	EndGlobalSection
	GlobalSection(ProjectConfigurationPlatforms) = postSolution
		{9D9D8C65-75D8-4175-8D66-21A52CBC5B47}.Debug|Any CPU.ActiveCfg = Debug|Any CPU
		{9D9D8C65-75D8-4175-8D66-21A52CBC5B47}.Debug|Any CPU.Build.0 = Debug|Any CPU
		{9D9D8C65-75D8-4175-8D66-21A52CBC5B47}.Release|Any CPU.ActiveCfg = Release|Any CPU
		{9D9D8C65-75D8-4175-8D66-21A52CBC5B47}.Release|Any CPU.Build.0 = Release|Any CPU
		{C0D4741E-5FD9-497C-8448-4981D289C1F5}.Debug|Any CPU.ActiveCfg = Debug|Any CPU
		{C0D4741E-5FD9-497C-8448-4981D289C1F5}.Debug|Any CPU.Build.0 = Debug|Any CPU
		{C0D4741E-5FD9-497C-8448-4981D289C1F5}.Release|Any CPU.ActiveCfg = Release|Any CPU
		{C0D4741E-5FD9-497C-8448-4981D289C1F5}.Release|Any CPU.Build.0 = Release|Any CPU
		{D78A693D-163E-4044-8F0D-283C608B59B7}.Debug|Any CPU.ActiveCfg = Debug|Any CPU
		{D78A693D-163E-4044-8F0D-283C608B59B7}.Debug|Any CPU.Build.0 = Debug|Any CPU
		{D78A693D-163E-4044-8F0D-283C608B59B7}.Release|Any CPU.ActiveCfg = Release|Any CPU
		{D78A693D-163E-4044-8F0D-283C608B59B7}.Release|Any CPU.Build.0 = Release|Any CPU
		{B2F0CF4D-B59F-4D13-911C-FAB1D4F607DA}.Debug|Any CPU.ActiveCfg = Debug|Any CPU
		{B2F0CF4D-B59F-4D13-911C-FAB1D4F607DA}.Debug|Any CPU.Build.0 = Debug|Any CPU
		{B2F0CF4D-B59F-4D13-911C-FAB1D4F607DA}.Release|Any CPU.ActiveCfg = Release|Any CPU
		{B2F0CF4D-B59F-4D13-911C-FAB1D4F607DA}.Release|Any CPU.Build.0 = Release|Any CPU
	EndGlobalSection
EndGlobal
